
Microsoft Visual Studio Solution File, Format Version 12.00
# Visual Studio Version 16
VisualStudioVersion = 16.0.31105.61
MinimumVisualStudioVersion = 10.0.40219.1
Project("{F2A71F9B-5D33-465A-A702-920D77279786}") = "Clipping", "ConsoleApp2\Clipping.fsproj", "{212BC601-773D-4CED-930B-4A46DF8D4082}"
EndProject
Global
	GlobalSection(SolutionConfigurationPlatforms) = preSolution
		Debug|Any CPU = Debug|Any CPU
		Release|Any CPU = Release|Any CPU
	EndGlobalSection
	GlobalSection(ProjectConfigurationPlatforms) = postSolution
		{212BC601-773D-4CED-930B-4A46DF8D4082}.Debug|Any CPU.ActiveCfg = Debug|Any CPU
		{212BC601-773D-4CED-930B-4A46DF8D4082}.Debug|Any CPU.Build.0 = Debug|Any CPU
		{212BC601-773D-4CED-930B-4A46DF8D4082}.Release|Any CPU.ActiveCfg = Release|Any CPU
		{212BC601-773D-4CED-930B-4A46DF8D4082}.Release|Any CPU.Build.0 = Release|Any CPU
	EndGlobalSection
	GlobalSection(SolutionProperties) = preSolution
		HideSolutionNode = FALSE
	EndGlobalSection
	GlobalSection(ExtensibilityGlobals) = postSolution
		SolutionGuid = {576D88E1-74E8-4BEA-97CF-902AF9D42DB2}
	EndGlobalSection
EndGlobal
